
Microsoft Visual Studio Solution File, Format Version 12.00
# Visual Studio Version 17
VisualStudioVersion = 17.13.35931.197 d17.13
MinimumVisualStudioVersion = 10.0.40219.1
Project("{FAE04EC0-301F-11D3-BF4B-00C04F79EFBC}") = "Prototype", "Prototype.csproj", "{F30439A5-A60F-4538-95DE-36512AD93CD8}"
EndProject
Global
	GlobalSection(SolutionConfigurationPlatforms) = preSolution
		Debug|Any CPU = Debug|Any CPU
		Release|Any CPU = Release|Any CPU
	EndGlobalSection
	GlobalSection(ProjectConfigurationPlatforms) = postSolution
		{F30439A5-A60F-4538-95DE-36512AD93CD8}.Debug|Any CPU.ActiveCfg = Debug|Any CPU
		{F30439A5-A60F-4538-95DE-36512AD93CD8}.Debug|Any CPU.Build.0 = Debug|Any CPU
		{F30439A5-A60F-4538-95DE-36512AD93CD8}.Release|Any CPU.ActiveCfg = Release|Any CPU
		{F30439A5-A60F-4538-95DE-36512AD93CD8}.Release|Any CPU.Build.0 = Release|Any CPU
	EndGlobalSection
	GlobalSection(SolutionProperties) = preSolution
		HideSolutionNode = FALSE
	EndGlobalSection
	GlobalSection(ExtensibilityGlobals) = postSolution
		SolutionGuid = {1A785E79-A629-4A94-8777-BE210E0EFAFE}
	EndGlobalSection
EndGlobal
